
Microsoft Visual Studio Solution File, Format Version 12.00
# Visual Studio Version 17
VisualStudioVersion = 17.14.36414.22
MinimumVisualStudioVersion = 10.0.40219.1
Project("{FAE04EC0-301F-11D3-BF4B-00C04F79EFBC}") = "ContactsDataAccessLayer", "ContactsDataAccessLayer\ContactsDataAccessLayer.csproj", "{D92F1226-65F8-4F6A-9494-CD7828F575A8}"
EndProject
Project("{FAE04EC0-301F-11D3-BF4B-00C04F79EFBC}") = "ContactsBusinessLayer", "ContactsBusinessLayer\ContactsBusinessLayer.csproj", "{08FFB6E3-0B3C-4A25-BF1C-238EDE72AED3}"
EndProject
Project("{FAE04EC0-301F-11D3-BF4B-00C04F79EFBC}") = "ContactsConsoleApplication-PresentationLayer", "ContactsConsoleApplication-PresentationLayer\ContactsConsoleApplication-PresentationLayer.csproj", "{BE7AADFA-7BBA-467A-86CF-117A72BA73AE}"
EndProject
Project("{FAE04EC0-301F-11D3-BF4B-00C04F79EFBC}") = "CountryDataAccessLayer", "CountryDataAccess\CountryDataAccessLayer.csproj", "{DDACD6F5-5943-4D8E-8373-E3AA2C4BAE01}"
EndProject
Project("{FAE04EC0-301F-11D3-BF4B-00C04F79EFBC}") = "CountriesBusinessLayer", "CountryBusinessLayer\CountriesBusinessLayer.csproj", "{BD15AED4-CE8D-4D8A-8AD0-9BB41812D8DE}"
EndProject
Global
	GlobalSection(SolutionConfigurationPlatforms) = preSolution
		Debug|Any CPU = Debug|Any CPU
		Release|Any CPU = Release|Any CPU
	EndGlobalSection
	GlobalSection(ProjectConfigurationPlatforms) = postSolution
		{D92F1226-65F8-4F6A-9494-CD7828F575A8}.Debug|Any CPU.ActiveCfg = Debug|Any CPU
		{D92F1226-65F8-4F6A-9494-CD7828F575A8}.Debug|Any CPU.Build.0 = Debug|Any CPU
		{D92F1226-65F8-4F6A-9494-CD7828F575A8}.Release|Any CPU.ActiveCfg = Release|Any CPU
		{D92F1226-65F8-4F6A-9494-CD7828F575A8}.Release|Any CPU.Build.0 = Release|Any CPU
		{08FFB6E3-0B3C-4A25-BF1C-238EDE72AED3}.Debug|Any CPU.ActiveCfg = Debug|Any CPU
		{08FFB6E3-0B3C-4A25-BF1C-238EDE72AED3}.Debug|Any CPU.Build.0 = Debug|Any CPU
		{08FFB6E3-0B3C-4A25-BF1C-238EDE72AED3}.Release|Any CPU.ActiveCfg = Release|Any CPU
		{08FFB6E3-0B3C-4A25-BF1C-238EDE72AED3}.Release|Any CPU.Build.0 = Release|Any CPU
		{BE7AADFA-7BBA-467A-86CF-117A72BA73AE}.Debug|Any CPU.ActiveCfg = Debug|Any CPU
		{BE7AADFA-7BBA-467A-86CF-117A72BA73AE}.Debug|Any CPU.Build.0 = Debug|Any CPU
		{BE7AADFA-7BBA-467A-86CF-117A72BA73AE}.Release|Any CPU.ActiveCfg = Release|Any CPU
		{BE7AADFA-7BBA-467A-86CF-117A72BA73AE}.Release|Any CPU.Build.0 = Release|Any CPU
		{DDACD6F5-5943-4D8E-8373-E3AA2C4BAE01}.Debug|Any CPU.ActiveCfg = Debug|Any CPU
		{DDACD6F5-5943-4D8E-8373-E3AA2C4BAE01}.Debug|Any CPU.Build.0 = Debug|Any CPU
		{DDACD6F5-5943-4D8E-8373-E3AA2C4BAE01}.Release|Any CPU.ActiveCfg = Release|Any CPU
		{DDACD6F5-5943-4D8E-8373-E3AA2C4BAE01}.Release|Any CPU.Build.0 = Release|Any CPU
		{BD15AED4-CE8D-4D8A-8AD0-9BB41812D8DE}.Debug|Any CPU.ActiveCfg = Debug|Any CPU
		{BD15AED4-CE8D-4D8A-8AD0-9BB41812D8DE}.Debug|Any CPU.Build.0 = Debug|Any CPU
		{BD15AED4-CE8D-4D8A-8AD0-9BB41812D8DE}.Release|Any CPU.ActiveCfg = Release|Any CPU
		{BD15AED4-CE8D-4D8A-8AD0-9BB41812D8DE}.Release|Any CPU.Build.0 = Release|Any CPU
	EndGlobalSection
	GlobalSection(SolutionProperties) = preSolution
		HideSolutionNode = FALSE
	EndGlobalSection
	GlobalSection(ExtensibilityGlobals) = postSolution
		SolutionGuid = {AD5C3A26-3C13-4E62-B225-DCE4BB67A8D5}
	EndGlobalSection
EndGlobal
